<?xml version="1.0" encoding="utf-8"?>
<Project ToolsVersion="4.0" xmlns="http://schemas.microsoft.com/developer/msbuild/2003">
  <ItemGroup>
    <ClInclude Include="HexuroEngine.h" />
    <ClInclude Include="Core\Log.h" />
    <ClInclude Include="Core\EntryPoint.h" />
    <ClInclude Include="Core\Application.h" />
    <ClInclude Include="Renderer\Window.h" />
    <ClInclude Include="Core\Utils.h" />
    <ClInclude Include="pch.h" />
    <ClInclude Include="Scene\Components.h" />
    <ClInclude Include="Scene\Scene.h" />
    <ClInclude Include="Scene\Entity.h" />
    <ClInclude Include="Renderer\Renderer.h" />
    <ClInclude Include="Core\Singleton.h" />
    <ClInclude Include="Renderer\OpenGL\VertexBuffer.h" />
    <ClInclude Include="Renderer\OpenGL\IndexBuffer.h" />
    <ClInclude Include="Renderer\OpenGL\VertexArray.h" />
    <ClInclude Include="Renderer\OpenGL\Shader.h" />
    <ClInclude Include="Core\Timer.h" />
    <ClInclude Include="Renderer\Color.h" />
    <ClInclude Include="Renderer\Texture.h" />
  </ItemGroup>
  <ItemGroup>
    <ClCompile Include="Core\Log.cpp" />
    <ClCompile Include="Core\Application.cpp" />
    <ClCompile Include="Renderer\Window.cpp" />
    <ClCompile Include="glad.cxx" />
    <ClCompile Include="pch.cpp" />
    <ClCompile Include="Scene\Scene.cpp" />
    <ClCompile Include="Scene\Entity.cpp" />
    <ClCompile Include="Renderer\Renderer.cpp" />
    <ClCompile Include="Renderer\OpenGL\VertexBuffer.cpp" />
    <ClCompile Include="Renderer\OpenGL\IndexBuffer.cpp" />
    <ClCompile Include="Renderer\OpenGL\VertexArray.cpp" />
    <ClCompile Include="Renderer\OpenGL\Shader.cpp" />
    <ClCompile Include="Renderer\stb_image.cpp" />
    <ClCompile Include="Renderer\Texture.cpp" />
  </ItemGroup>
  <ItemGroup>
    <None Include="Renderer\OpenGL\default.vert" />
    <None Include="Renderer\OpenGL\default.frag" />
  </ItemGroup>
</Project>